# generated by rye
# use `rye lock` or `rye sync` to update this lockfile
#
# last locked with the following flags:
#   pre: false
#   features: []
#   all-features: false
#   with-sources: false
#   generate-hashes: false
#   universal: false

-e file:.
aiohttp==3.9.5
    # via python-binance
aiosignal==1.3.1
    # via aiohttp
annotated-types==0.7.0
    # via pydantic
attrs==23.2.0
    # via aiohttp
certifi==2024.7.4
    # via clickhouse-connect
    # via requests
charset-normalizer==3.3.2
    # via requests
clickhouse-connect==0.7.16
    # via tradingtoolbox
dateparser==1.2.0
    # via python-binance
frozenlist==1.4.1
    # via aiohttp
    # via aiosignal
idna==3.7
    # via requests
    # via yarl
lz4==4.3.3
    # via clickhouse-connect
markdown-it-py==3.0.0
    # via rich
mdurl==0.1.2
    # via markdown-it-py
multidict==6.0.5
    # via aiohttp
    # via yarl
numpy==2.0.1
    # via pandas
    # via pyarrow
pandas==2.2.2
    # via tradingtoolbox
pyarrow==17.0.0
    # via tradingtoolbox
pycryptodome==3.20.0
    # via python-binance
pydantic==2.9.2
    # via tradingtoolbox
pydantic-core==2.23.4
    # via pydantic
pygments==2.18.0
    # via rich
python-binance==1.0.19
    # via tradingtoolbox
python-dateutil==2.9.0.post0
    # via dateparser
    # via pandas
    # via tradingtoolbox
pytz==2024.1
    # via clickhouse-connect
    # via dateparser
    # via pandas
regex==2024.5.15
    # via dateparser
requests==2.32.3
    # via python-binance
rich==13.8.1
    # via tradingtoolbox
six==1.16.0
    # via python-binance
    # via python-dateutil
typing-extensions==4.12.2
    # via pydantic
    # via pydantic-core
tzdata==2024.1
    # via pandas
tzlocal==5.2
    # via dateparser
ujson==5.10.0
    # via python-binance
urllib3==2.2.2
    # via clickhouse-connect
    # via requests
uvloop==0.20.0
    # via tradingtoolbox
websockets==12.0
    # via python-binance
yarl==1.9.4
    # via aiohttp
zstandard==0.23.0
    # via clickhouse-connect
