# - ansi2html
# - black-jupyter
# - bqplot
# - docutils >=0.19
# - doit
# - firefox ==128.*
# - flit >=3.9.0,<4
# - geckodriver
# - hypothesis-jsonschema
# - importnb
# - ipykernel !=6.19.*
# - ipython >=7
# - ipywidgets >=8.0.1,<9
# - isort
# - jupyterlab >=4.2,<5
# - jupyterlite-core >=0.4.1,<0.5
# - jupyterlite-pyodide-kernel >=0.4.2,<0.5
# - keyring
# - mypy
# - myst-nb
# - networkx
# - nodejs >=22,<23
# - packaging
# - pandas
# - pip
# - pydantic >=1.10.17,<3
# - pydata-sphinx-theme
# - pyflakes
# - pytest-asyncio
# - pytest-check-links
# - pytest-cov
# - pytest-html
# - pytest-xdist
# - python >=3.11,<3.12
# - python >=3.9,<3.13.0a0
# - requests-cache
# - robotframework-pabot
# - robotframework-robocop
# - robotframework-seleniumlibrary
# - robotframework-tidy
# - rope
# - sphinx
# - sphinx-autobuild
# - sphinx-autodoc-typehints
# - tomli
# - twine
# - wheel
@EXPLICIT
https://conda.anaconda.org/conda-forge/win-64/ca-certificates-2024.8.30-h56e8100_0.conda#4c4fd67c18619be5aa65dc5b6c72e490
https://conda.anaconda.org/conda-forge/win-64/intel-openmp-2024.2.1-h57928b3_1083.conda#2d89243bfb53652c182a7c73182cce4f
https://conda.anaconda.org/conda-forge/win-64/nodejs-22.9.0-h57928b3_0.conda#6aa54ed90a643a11a005491ff316b1c4
https://conda.anaconda.org/conda-forge/win-64/pandoc-3.4-h57928b3_0.conda#88cac28228b54ef26acff986d800f1a5
https://conda.anaconda.org/conda-forge/win-64/python_abi-3.11-5_cp311.conda#895b873644c11ccc0ab7dba2d8513ae6
https://conda.anaconda.org/conda-forge/noarch/tzdata-2024a-h8827d51_1.conda#8bfdead4e0fff0383ae4c9c50d0531bd
https://conda.anaconda.org/conda-forge/win-64/ucrt-10.0.22621.0-h57928b3_0.tar.bz2#72608f6cd3e5898229c3ea16deb1ac43
https://conda.anaconda.org/conda-forge/win-64/winpty-0.4.3-4.tar.bz2#1cee351bf20b830d991dbe0bc8cd7dfe
https://conda.anaconda.org/conda-forge/win-64/vc14_runtime-14.40.33810-ha82c5b3_21.conda#b3ebb670caf046e32b835fbda056c4f9
https://conda.anaconda.org/conda-forge/win-64/vc-14.3-h8a93ad2_21.conda#e632a9b865d4b653aa656c9fb4f4817c
https://conda.anaconda.org/conda-forge/win-64/vs2015_runtime-14.40.33810-h3bf8584_21.conda#b3f37db7b7ae1c22600fa26a63ed99b3
https://conda.anaconda.org/conda-forge/win-64/bzip2-1.0.8-h2466b09_7.conda#276e7ffe9ffe39688abc665ef0f45596
https://conda.anaconda.org/conda-forge/win-64/firefox-128.2.0esr-he0c23c2_0.conda#9d2092dff999e065fea7f035d91ede00
https://conda.anaconda.org/conda-forge/win-64/geckodriver-0.35.0-h98970ef_0.conda#04b7e75b3b5407621a80a595ffa7112f
https://conda.anaconda.org/conda-forge/win-64/libexpat-2.6.3-he0c23c2_0.conda#21415fbf4d0de6767a621160b43e5dea
https://conda.anaconda.org/conda-forge/win-64/libffi-3.4.2-h8ffe710_5.tar.bz2#2c96d1b6915b408893f9472569dee135
https://conda.anaconda.org/conda-forge/win-64/libiconv-1.17-hcfcfb64_2.conda#e1eb10b1cca179f2baa3601e4efc8712
https://conda.anaconda.org/conda-forge/win-64/libsodium-1.0.20-hc70643c_0.conda#198bb594f202b205c7d18b936fa4524f
https://conda.anaconda.org/conda-forge/win-64/libsqlite-3.46.1-h2466b09_0.conda#8a7c1ad01f58623bfbae8d601db7cf3b
https://conda.anaconda.org/conda-forge/win-64/libzlib-1.3.1-h2466b09_1.conda#d4483ca8afc57ddf1f6dded53b36c17f
https://conda.anaconda.org/conda-forge/win-64/openssl-3.3.2-h2466b09_0.conda#1dc86753693df5e3326bb8a85b74c589
https://conda.anaconda.org/conda-forge/win-64/pthreads-win32-2.9.1-hfa6e2cd_3.tar.bz2#e2da8758d7d51ff6aa78a14dfb9dbed4
https://conda.anaconda.org/conda-forge/win-64/selenium-manager-4.25.0-ha073cba_0.conda#45d6000a523789f8db6a8c36c280065b
https://conda.anaconda.org/conda-forge/win-64/tk-8.6.13-h5226925_1.conda#fc048363eb8f03cd1737600a5d08aafe
https://conda.anaconda.org/conda-forge/win-64/xz-5.2.6-h8d14728_0.tar.bz2#515d77642eaa3639413c6b1bc3f94219
https://conda.anaconda.org/conda-forge/win-64/yaml-0.2.5-h8ffe710_2.tar.bz2#adbfb9f45d1004a26763652246a33764
https://conda.anaconda.org/conda-forge/win-64/krb5-1.21.3-hdf4eb48_0.conda#31aec030344e962fbd7dbbbbd68e60a9
https://conda.anaconda.org/conda-forge/win-64/libxml2-2.12.7-h0f24e4e_4.conda#ed4d301f0d2149b34deb9c4fecafd836
https://conda.anaconda.org/conda-forge/win-64/python-3.11.10-hce54a09_2_cpython.conda#472544e6104756d9658571f40e17b5af
https://conda.anaconda.org/conda-forge/win-64/zstd-1.5.6-h0ea2cb4_0.conda#9a17230f95733c04dc40a2b1e5491d74
https://conda.anaconda.org/conda-forge/noarch/alabaster-1.0.0-pyhd8ed1ab_0.conda#7d78a232029458d0077ede6cda30ed0c
https://conda.anaconda.org/conda-forge/noarch/attrs-24.2.0-pyh71513ae_0.conda#6732fa52eb8e66e5afeb32db8701a791
https://conda.anaconda.org/conda-forge/noarch/backports-1.0-pyhd8ed1ab_4.conda#67bdebbc334513034826e9b63f769d4c
https://conda.anaconda.org/conda-forge/win-64/backports.zoneinfo-0.2.1-py311h1ea47a8_9.conda#2be13bb905204b5a43a88842d7784b8c
https://conda.anaconda.org/conda-forge/win-64/brotli-python-1.1.0-py311hda3d55a_2.conda#a0ea2839841a06740a1c110ba3317b42
https://conda.anaconda.org/conda-forge/noarch/cached_property-1.5.2-pyha770c72_1.tar.bz2#576d629e47797577ab0f1b351297ef4a
https://conda.anaconda.org/conda-forge/noarch/certifi-2024.8.30-pyhd8ed1ab_0.conda#12f7d00853807b0531775e9be891cb11
https://conda.anaconda.org/conda-forge/noarch/charset-normalizer-3.3.2-pyhd8ed1ab_0.conda#7f4a9e3fcff3f6356ae99244a014da6a
https://conda.anaconda.org/conda-forge/noarch/cloudpickle-3.0.0-pyhd8ed1ab_0.conda#753d29fe41bb881e4b9c004f0abf973f
https://conda.anaconda.org/conda-forge/noarch/colorama-0.4.6-pyhd8ed1ab_0.tar.bz2#3faab06a954c2a04039983f2c4a50d99
https://conda.anaconda.org/conda-forge/noarch/cpython-3.11.10-py311hd8ed1ab_2.conda#185b1719742d5377721a6d93582a4a1f
https://conda.anaconda.org/conda-forge/win-64/debugpy-1.8.6-py311hda3d55a_0.conda#c2e2175cd46572f38e26768ed6b8db00
https://conda.anaconda.org/conda-forge/noarch/decorator-5.1.1-pyhd8ed1ab_0.tar.bz2#43afe5ab04e35e17ba28649471dd7364
https://conda.anaconda.org/conda-forge/noarch/defusedxml-0.7.1-pyhd8ed1ab_0.tar.bz2#961b3a227b437d82ad7054484cfa71b2
https://conda.anaconda.org/conda-forge/noarch/docutils-0.21.2-pyhd8ed1ab_0.conda#e8cd5d629f65bdf0f3bb312cde14659e
https://conda.anaconda.org/conda-forge/noarch/entrypoints-0.4-pyhd8ed1ab_0.tar.bz2#3cf04868fee0a029769bd41f4b2fbf2d
https://conda.anaconda.org/conda-forge/noarch/exceptiongroup-1.2.2-pyhd8ed1ab_0.conda#d02ae936e42063ca46af6cdad2dbd1e0
https://conda.anaconda.org/conda-forge/noarch/execnet-2.1.1-pyhd8ed1ab_0.conda#15dda3cdbf330abfe9f555d22f66db46
https://conda.anaconda.org/conda-forge/noarch/executing-2.1.0-pyhd8ed1ab_0.conda#d0441db20c827c11721889a241df1220
https://conda.anaconda.org/conda-forge/noarch/flit-core-3.9.0-pyhd8ed1ab_1.conda#5b722f5ce2fd3f2714e5a19f0d9178e3
https://conda.anaconda.org/conda-forge/win-64/greenlet-3.1.1-py311hda3d55a_0.conda#dc75389e40e61df3477a119db83e108b
https://conda.anaconda.org/conda-forge/noarch/hpack-4.0.0-pyh9f0ad1d_0.tar.bz2#914d6646c4dbb1fd3ff539830a12fd71
https://conda.anaconda.org/conda-forge/noarch/hyperframe-6.0.1-pyhd8ed1ab_0.tar.bz2#9f765cbfab6870c8435b9eefecd7a1f4
https://conda.anaconda.org/conda-forge/noarch/idna-3.10-pyhd8ed1ab_0.conda#7ba2ede0e7c795ff95088daf0dc59753
https://conda.anaconda.org/conda-forge/noarch/imagesize-1.4.1-pyhd8ed1ab_0.tar.bz2#7de5386c8fea29e76b303f37dde4c352
https://conda.anaconda.org/conda-forge/noarch/iniconfig-2.0.0-pyhd8ed1ab_0.conda#f800d2da156d08e289b14e87e43c1ae5
https://conda.anaconda.org/conda-forge/noarch/itsdangerous-2.2.0-pyhd8ed1ab_0.conda#ff7ca04134ee8dde1d7cf491a78ef7c7
https://conda.anaconda.org/conda-forge/noarch/json5-0.9.25-pyhd8ed1ab_0.conda#5d8c241a9261e720a34a07a3e1ac4109
https://conda.anaconda.org/conda-forge/win-64/jsonpointer-3.0.0-py311h1ea47a8_1.conda#943f7fab631e12750641efd7279a268c
https://conda.anaconda.org/conda-forge/noarch/jupyterlab_widgets-3.0.13-pyhd8ed1ab_0.conda#ccea946e6dce9f330fbf7fca97fe8de7
https://conda.anaconda.org/conda-forge/win-64/libhwloc-2.11.1-default_h8125262_1000.conda#933bad6e4658157f1aec9b171374fde2
https://conda.anaconda.org/conda-forge/win-64/markupsafe-2.1.5-py311he736701_1.conda#f56c6dc7dccf62f899b61aca4d150fed
https://conda.anaconda.org/conda-forge/noarch/mdurl-0.1.2-pyhd8ed1ab_0.conda#776a8dd9e824f77abac30e6ef43a8f7a
https://conda.anaconda.org/conda-forge/noarch/mistune-3.0.2-pyhd8ed1ab_0.conda#5cbee699846772cc939bef23a0d524ed
https://conda.anaconda.org/conda-forge/noarch/more-itertools-10.5.0-pyhd8ed1ab_0.conda#3364591bebd600979606791e1dff7cb6
https://conda.anaconda.org/conda-forge/noarch/mypy_extensions-1.0.0-pyha770c72_0.conda#4eccaeba205f0aed9ac3a9ea58568ca3
https://conda.anaconda.org/conda-forge/noarch/natsort-8.4.0-pyhd8ed1ab_0.conda#70959cd1db3cf77b2a27a0836cfd08a7
https://conda.anaconda.org/conda-forge/noarch/nest-asyncio-1.6.0-pyhd8ed1ab_0.conda#6598c056f64dc8800d40add25e4e2c34
https://conda.anaconda.org/conda-forge/noarch/networkx-3.3-pyhd8ed1ab_1.conda#d335fd5704b46f4efb89a6774e81aef0
https://conda.anaconda.org/conda-forge/win-64/nh3-0.2.18-py311h9363f20_1.conda#01d24b7b065efa5072cb8921570dd311
https://conda.anaconda.org/conda-forge/noarch/packaging-24.1-pyhd8ed1ab_0.conda#cbe1bb1f21567018ce595d9c2be0f0db
https://conda.anaconda.org/conda-forge/noarch/pandocfilters-1.5.0-pyhd8ed1ab_0.tar.bz2#457c2c8c08e54905d6954e79cb5b5db9
https://conda.anaconda.org/conda-forge/noarch/parso-0.8.4-pyhd8ed1ab_0.conda#81534b420deb77da8833f2289b8d47ac
https://conda.anaconda.org/conda-forge/noarch/pathspec-0.12.1-pyhd8ed1ab_0.conda#17064acba08d3686f1135b5ec1b32b12
https://conda.anaconda.org/conda-forge/noarch/pickleshare-0.7.5-py_1003.tar.bz2#415f0ebb6198cc2801c73438a9fb5761
https://conda.anaconda.org/conda-forge/noarch/pkginfo-1.10.0-pyhd8ed1ab_0.conda#8c6a4a704308f5d91f3a974a72db1096
https://conda.anaconda.org/conda-forge/noarch/pkgutil-resolve-name-1.3.10-pyhd8ed1ab_1.conda#405678b942f2481cecdb3e010f4925d9
https://conda.anaconda.org/conda-forge/noarch/platformdirs-4.2.2-pyhd8ed1ab_0.conda#6f6cf28bf8e021933869bae3f84b8fc9
https://conda.anaconda.org/conda-forge/noarch/pluggy-1.5.0-pyhd8ed1ab_0.conda#d3483c8fc2dc2cc3f5cf43e26d60cabf
https://conda.anaconda.org/conda-forge/noarch/prometheus_client-0.21.0-pyhd8ed1ab_0.conda#07e9550ddff45150bfc7da146268e165
https://conda.anaconda.org/conda-forge/win-64/psutil-6.0.0-py311he736701_1.conda#38b28106e176394232530b0bb63350f2
https://conda.anaconda.org/conda-forge/noarch/pure_eval-0.2.3-pyhd8ed1ab_0.conda#0f051f09d992e0d08941706ad519ee0e
https://conda.anaconda.org/conda-forge/noarch/pycparser-2.22-pyhd8ed1ab_0.conda#844d9eb3b43095b031874477f7d70088
https://conda.anaconda.org/conda-forge/noarch/pyflakes-3.2.0-pyhd8ed1ab_0.conda#0cf7fef6aa123df28adb21a590065e3d
https://conda.anaconda.org/conda-forge/noarch/pygments-2.18.0-pyhd8ed1ab_0.conda#b7f5c092b8f9800150d998a71b76d5a1
https://conda.anaconda.org/conda-forge/noarch/python-fastjsonschema-2.20.0-pyhd8ed1ab_0.conda#b98d2018c01ce9980c03ee2850690fab
https://conda.anaconda.org/conda-forge/noarch/python-json-logger-2.0.7-pyhd8ed1ab_0.conda#a61bf9ec79426938ff785eb69dbb1960
https://conda.anaconda.org/conda-forge/noarch/python-tzdata-2024.2-pyhd8ed1ab_0.conda#986287f89929b2d629bd6ef6497dc307
https://conda.anaconda.org/conda-forge/noarch/pytz-2024.1-pyhd8ed1ab_0.conda#3eeeeb9e4827ace8c0c1419c85d590ad
https://conda.anaconda.org/conda-forge/win-64/pywin32-306-py311h12c1d0e_2.conda#25df0fc55722ea1a94494f41302e2d1c
https://conda.anaconda.org/conda-forge/win-64/pywin32-ctypes-0.2.3-py311h1ea47a8_1.conda#921c107e378550a732796ed8d0677562
https://conda.anaconda.org/conda-forge/win-64/pywinpty-2.0.13-py311hda3d55a_1.conda#ad3dc83fc4598a791652338f5b306156
https://conda.anaconda.org/conda-forge/win-64/pyyaml-6.0.2-py311he736701_1.conda#d0c5f3c595039890be0c9af47d23b9ba
https://conda.anaconda.org/conda-forge/noarch/rfc3986-2.0.0-pyhd8ed1ab_0.tar.bz2#d337886e38f965bf97aaec382ff6db00
https://conda.anaconda.org/conda-forge/noarch/rfc3986-validator-0.1.1-pyh9f0ad1d_0.tar.bz2#912a71cc01012ee38e6b90ddd561e36f
https://conda.anaconda.org/conda-forge/noarch/robotframework-7.1-pyhd8ed1ab_0.conda#a5aade9d67fef263cd94de10a47fb80c
https://conda.anaconda.org/conda-forge/win-64/rpds-py-0.20.0-py311h533ab2d_1.conda#ce65b053e6b59808fe42f1f0e84a925a
https://conda.anaconda.org/conda-forge/noarch/setuptools-75.1.0-pyhd8ed1ab_0.conda#d5cd48392c67fb6849ba459c2c2b671f
https://conda.anaconda.org/conda-forge/noarch/six-1.16.0-pyh6c4a22f_0.tar.bz2#e5f25f8dbc060e9a8d912e432202afc2
https://conda.anaconda.org/conda-forge/noarch/sniffio-1.3.1-pyhd8ed1ab_0.conda#490730480d76cf9c8f8f2849719c6e2b
https://conda.anaconda.org/conda-forge/noarch/snowballstemmer-2.2.0-pyhd8ed1ab_0.tar.bz2#4d22a9315e78c6827f806065957d566e
https://conda.anaconda.org/conda-forge/noarch/sortedcontainers-2.4.0-pyhd8ed1ab_0.tar.bz2#6d6552722448103793743dabfbda532d
https://conda.anaconda.org/conda-forge/noarch/soupsieve-2.5-pyhd8ed1ab_1.conda#3f144b2c34f8cb5a9abd9ed23a39c561
https://conda.anaconda.org/conda-forge/noarch/sphinxcontrib-jsmath-1.0.1-pyhd8ed1ab_0.conda#da1d979339e2714c30a8e806a33ec087
https://conda.anaconda.org/conda-forge/noarch/tabulate-0.9.0-pyhd8ed1ab_1.tar.bz2#4759805cce2d914c38472f70bf4d8bcb
https://conda.anaconda.org/conda-forge/noarch/tokenize-rt-6.0.0-pyhd8ed1ab_0.conda#a78ecbb479bff3b809bea4d599ee88ee
https://conda.anaconda.org/conda-forge/noarch/toml-0.10.2-pyhd8ed1ab_0.tar.bz2#f832c45a477c78bebd107098db465095
https://conda.anaconda.org/conda-forge/noarch/tomli-2.0.1-pyhd8ed1ab_0.tar.bz2#5844808ffab9ebdb694585b50ba02a96
https://conda.anaconda.org/conda-forge/noarch/tomli-w-1.0.0-pyhd8ed1ab_0.tar.bz2#73506d1ab4202481841c68c169b7ef6c
https://conda.anaconda.org/conda-forge/win-64/tornado-6.4.1-py311he736701_1.conda#f361535f90629358e3ea8f2161b239f3
https://conda.anaconda.org/conda-forge/noarch/traitlets-5.14.3-pyhd8ed1ab_0.conda#3df84416a021220d8b5700c613af2dc5
https://conda.anaconda.org/conda-forge/noarch/types-python-dateutil-2.9.0.20240906-pyhd8ed1ab_0.conda#07c483202a209cd23594b62b3451045e
https://conda.anaconda.org/conda-forge/noarch/typing_extensions-4.12.2-pyha770c72_0.conda#ebe6952715e1d5eb567eeebf25250fa7
https://conda.anaconda.org/conda-forge/noarch/typing_utils-0.1.0-pyhd8ed1ab_0.tar.bz2#eb67e3cace64c66233e2d35949e20f92
https://conda.anaconda.org/conda-forge/win-64/ujson-5.10.0-py311hda3d55a_1.conda#c519ad448734a4999e2d4c113f571031
https://conda.anaconda.org/conda-forge/noarch/uri-template-1.3.0-pyhd8ed1ab_0.conda#0944dc65cb4a9b5b68522c3bb585d41c
https://conda.anaconda.org/conda-forge/noarch/wcwidth-0.2.13-pyhd8ed1ab_0.conda#68f0738df502a14213624b288c60c9ad
https://conda.anaconda.org/conda-forge/noarch/webcolors-24.8.0-pyhd8ed1ab_0.conda#eb48b812eb4fbb9ff238a6651fdbbcae
https://conda.anaconda.org/conda-forge/noarch/webencodings-0.5.1-pyhd8ed1ab_2.conda#daf5160ff9cde3a468556965329085b9
https://conda.anaconda.org/conda-forge/noarch/websocket-client-1.8.0-pyhd8ed1ab_0.conda#f372c576b8774922da83cda2b12f9d29
https://conda.anaconda.org/conda-forge/win-64/websockets-13.1-py311he736701_0.conda#ec8ca6cc770c527787e4b285e194c72e
https://conda.anaconda.org/conda-forge/noarch/wheel-0.44.0-pyhd8ed1ab_0.conda#d44e3b085abcaef02983c6305b84b584
https://conda.anaconda.org/conda-forge/noarch/widgetsnbextension-4.0.13-pyhd8ed1ab_0.conda#6372cd99502721bd7499f8d16b56268d
https://conda.anaconda.org/conda-forge/noarch/win_inet_pton-1.1.0-pyh7428d3b_7.conda#c998c13b2f998af57c3b88c7a47979e0
https://conda.anaconda.org/conda-forge/win-64/zeromq-4.3.5-he1f189c_5.conda#a6df1c5da1f16f02e872994611dc4dfb
https://conda.anaconda.org/conda-forge/noarch/zipp-3.20.2-pyhd8ed1ab_0.conda#4daaed111c05672ae669f7036ee5bba3
https://conda.anaconda.org/conda-forge/noarch/accessible-pygments-0.0.5-pyhd8ed1ab_0.conda#1bb1ef9806a9a20872434f58b3e7fc1a
https://conda.anaconda.org/conda-forge/win-64/ansi2html-1.9.2-py311h1ea47a8_2.conda#35450497d2ef42e128da50837154fd7e
https://conda.anaconda.org/conda-forge/noarch/anyio-4.6.0-pyhd8ed1ab_1.conda#bc13891a047f50728b03595531f7f92e
https://conda.anaconda.org/conda-forge/noarch/asttokens-2.4.1-pyhd8ed1ab_0.conda#5f25798dcefd8252ce5f9dc494d5f571
https://conda.anaconda.org/conda-forge/noarch/async-lru-2.0.4-pyhd8ed1ab_0.conda#3d081de3a6ea9f894bbb585e8e3a4dcb
https://conda.anaconda.org/conda-forge/noarch/babel-2.14.0-pyhd8ed1ab_0.conda#9669586875baeced8fc30c0826c3270e
https://conda.anaconda.org/conda-forge/noarch/backports.tarfile-1.0.0-pyhd8ed1ab_1.conda#c747b1d79f136013c3b7ebcba876afa6
https://conda.anaconda.org/conda-forge/noarch/beautifulsoup4-4.12.3-pyha770c72_0.conda#332493000404d8411859539a5a630865
https://conda.anaconda.org/conda-forge/noarch/bleach-6.1.0-pyhd8ed1ab_0.conda#0ed9d7c0e9afa7c025807a9a8136ea3e
https://conda.anaconda.org/conda-forge/noarch/cached-property-1.5.2-hd8ed1ab_1.tar.bz2#9b347a7ec10940d3f7941ff6c460b551
https://conda.anaconda.org/conda-forge/win-64/cffi-1.17.1-py311he736701_0.conda#e1c69be23bd05471a6c623e91680ad59
https://conda.anaconda.org/conda-forge/noarch/click-8.1.7-win_pyh7428d3b_0.conda#3549ecbceb6cd77b91a105511b7d0786
https://conda.anaconda.org/conda-forge/noarch/comm-0.2.2-pyhd8ed1ab_0.conda#948d84721b578d426294e17a02e24cbb
https://conda.anaconda.org/conda-forge/win-64/coverage-7.6.1-py311he736701_1.conda#8f388c239fb11b1aae69a512c8cfe686
https://conda.anaconda.org/conda-forge/noarch/h11-0.14.0-pyhd8ed1ab_0.tar.bz2#b21ed0883505ba1910994f1df031a428
https://conda.anaconda.org/conda-forge/noarch/h2-4.1.0-pyhd8ed1ab_0.tar.bz2#b748fbf7060927a6e82df7cb5ee8f097
https://conda.anaconda.org/conda-forge/noarch/html5lib-1.1-pyh9f0ad1d_0.tar.bz2#b2355343d6315c892543200231d7154a
https://conda.anaconda.org/conda-forge/noarch/importlib-metadata-8.5.0-pyha770c72_0.conda#54198435fce4d64d8a89af22573012a8
https://conda.anaconda.org/conda-forge/noarch/importlib_resources-6.4.5-pyhd8ed1ab_0.conda#c808991d29b9838fb4d96ce8267ec9ec
https://conda.anaconda.org/conda-forge/noarch/isort-5.13.2-pyhd8ed1ab_0.conda#1d25ed2b95b92b026aaa795eabec8d91
https://conda.anaconda.org/conda-forge/noarch/jaraco.classes-3.4.0-pyhd8ed1ab_1.conda#7b756504d362cbad9b73a50a5455cafd
https://conda.anaconda.org/conda-forge/noarch/jaraco.functools-4.0.0-pyhd8ed1ab_0.conda#547670a612fd335eaa5ffbf0fa75cb64
https://conda.anaconda.org/conda-forge/noarch/jedi-0.19.1-pyhd8ed1ab_0.conda#81a3be0b2023e1ea8555781f0ad904a2
https://conda.anaconda.org/conda-forge/noarch/jinja2-3.1.4-pyhd8ed1ab_0.conda#7b86ecb7d3557821c649b3c31e3eb9f2
https://conda.anaconda.org/conda-forge/noarch/jupyter_core-5.7.2-pyh5737063_1.conda#46d87d1c0ea5da0aae36f77fa406e20d
https://conda.anaconda.org/conda-forge/noarch/jupyterlab_pygments-0.3.0-pyhd8ed1ab_1.conda#afcd1b53bcac8844540358e33f33d28f
https://conda.anaconda.org/conda-forge/noarch/markdown-it-py-3.0.0-pyhd8ed1ab_0.conda#93a8e71256479c62074356ef6ebf501b
https://conda.anaconda.org/conda-forge/noarch/matplotlib-inline-0.1.7-pyhd8ed1ab_0.conda#779345c95648be40d22aaa89de7d4254
https://conda.anaconda.org/conda-forge/win-64/mypy-1.11.2-py311he736701_0.conda#179500418dfd455e63a51d9287b0f2f6
https://conda.anaconda.org/conda-forge/noarch/outcome-1.3.0.post0-pyhd8ed1ab_0.conda#c2954fba1935b5775755e3f14d951af0
https://conda.anaconda.org/conda-forge/noarch/overrides-7.7.0-pyhd8ed1ab_0.conda#24fba5a9d161ad8103d4e84c0e1a3ed4
https://conda.anaconda.org/conda-forge/noarch/pip-24.2-pyh8b19718_1.conda#6c78fbb8ddfd64bcb55b5cbafd2d2c43
https://conda.anaconda.org/conda-forge/noarch/prompt-toolkit-3.0.48-pyha770c72_0.conda#4c05134c48b6a74f33bbb9938e4a115e
https://conda.anaconda.org/conda-forge/noarch/pysocks-1.7.1-pyh0701188_6.tar.bz2#56cd9fe388baac0e90c7149cfac95b60
https://conda.anaconda.org/conda-forge/noarch/pytest-8.3.3-pyhd8ed1ab_0.conda#c03d61f31f38fdb9facf70c29958bf7a
https://conda.anaconda.org/conda-forge/noarch/python-dateutil-2.9.0-pyhd8ed1ab_0.conda#2cf4264fffb9e6eff6031c5b6884d61c
https://conda.anaconda.org/conda-forge/win-64/pyzmq-26.2.0-py311h484c95c_2.conda#0834390e1e2f4fede5ec9b5ac0756293
https://conda.anaconda.org/conda-forge/noarch/referencing-0.35.1-pyhd8ed1ab_0.conda#0fc8b52192a8898627c3efae1003e9f6
https://conda.anaconda.org/conda-forge/noarch/rfc3339-validator-0.1.4-pyhd8ed1ab_0.tar.bz2#fed45fc5ea0813240707998abe49f520
https://conda.anaconda.org/conda-forge/noarch/robotframework-pythonlibcore-4.4.1-pyhd8ed1ab_0.conda#6423ffb6efcf7f7c4575082e0e633e61
https://conda.anaconda.org/conda-forge/noarch/robotframework-stacktrace-0.4.1-pyhd8ed1ab_0.tar.bz2#3dc788e294fd159537c931dbb964511e
https://conda.anaconda.org/conda-forge/noarch/send2trash-1.8.3-pyh5737063_0.conda#5a86a21050ca3831ec7f77fb302f1132
https://conda.anaconda.org/conda-forge/win-64/tbb-2021.13.0-hc790b64_0.conda#28496a1e6af43c63927da4f80260348d
https://conda.anaconda.org/conda-forge/noarch/terminado-0.18.1-pyh5737063_0.conda#4abd500577430a942a995fd0d09b76a2
https://conda.anaconda.org/conda-forge/noarch/tinycss2-1.3.0-pyhd8ed1ab_0.conda#8662629d9a05f9cff364e31ca106c1ac
https://conda.anaconda.org/conda-forge/noarch/traittypes-0.2.1-pyh9f0ad1d_2.tar.bz2#7d32ccb5334a6822c28af3e864550618
https://conda.anaconda.org/conda-forge/noarch/typing-extensions-4.12.2-hd8ed1ab_0.conda#52d648bd608f5737b123f510bb5514b5
https://conda.anaconda.org/conda-forge/noarch/url-normalize-1.4.3-pyhd8ed1ab_0.tar.bz2#7c4076e494f0efe76705154ac9302ba6
https://conda.anaconda.org/conda-forge/noarch/annotated-types-0.7.0-pyhd8ed1ab_0.conda#7e9f4612544c8edbfd6afad17f1bd045
https://conda.anaconda.org/conda-forge/win-64/argon2-cffi-bindings-21.2.0-py311he736701_5.conda#8917bf795c40ec1839ed9d0ab3ad9735
https://conda.anaconda.org/conda-forge/noarch/arrow-1.3.0-pyhd8ed1ab_0.conda#b77d8c2313158e6e461ca0efb1c2c508
https://conda.anaconda.org/conda-forge/win-64/black-24.8.0-py311h1ea47a8_1.conda#b860188f5059ecc98f98b7a228a53f67
https://conda.anaconda.org/conda-forge/noarch/cattrs-24.1.2-pyhd8ed1ab_0.conda#ac582de2324988b79870b50c89c91c75
https://conda.anaconda.org/conda-forge/win-64/cmarkgfm-0.8.0-py311ha68e1ae_3.conda#489e7c645da48b8c19f8232d70b45ec8
https://conda.anaconda.org/conda-forge/noarch/doit-0.36.0-pyhd8ed1ab_0.tar.bz2#fc5e53d070f1ee7bb38c2ece282dcb82
https://conda.anaconda.org/conda-forge/noarch/fqdn-1.5.1-pyhd8ed1ab_0.tar.bz2#642d35437078749ef23a5dca2c9bb1f3
https://conda.anaconda.org/conda-forge/noarch/httpcore-1.0.5-pyhd8ed1ab_0.conda#a6b9a0158301e697e4d0a36a3d60e133
https://conda.anaconda.org/conda-forge/noarch/hypothesis-6.112.2-pyha770c72_0.conda#183e32e70f79a16821be656fe680ebb0
https://conda.anaconda.org/conda-forge/noarch/importlib_metadata-8.5.0-hd8ed1ab_0.conda#2a92e152208121afadf85a5e1f3a5f4d
https://conda.anaconda.org/conda-forge/noarch/importnb-2023.11.1-pyhd8ed1ab_0.conda#ba8b9c1df29bfba4257b0dcddadbfa6b
https://conda.anaconda.org/conda-forge/noarch/jaraco.context-5.3.0-pyhd8ed1ab_1.conda#72d7ad2dcd0f37eccb2ee35a1c8f6aaa
https://conda.anaconda.org/conda-forge/noarch/jsonschema-specifications-2023.12.1-pyhd8ed1ab_0.conda#a0e4efb5f35786a05af4809a2fb1f855
https://conda.anaconda.org/conda-forge/noarch/jupyter_client-8.6.3-pyhd8ed1ab_0.conda#a14218cfb29662b4a19ceb04e93e298e
https://conda.anaconda.org/conda-forge/noarch/jupyter_server_terminals-0.5.3-pyhd8ed1ab_0.conda#219b3833aa8ed91d47d1be6ca03f30be
https://conda.anaconda.org/conda-forge/noarch/mdit-py-plugins-0.4.2-pyhd8ed1ab_0.conda#5387f2cfa28f8a3afa3368bb4ba201e8
https://conda.anaconda.org/conda-forge/win-64/mkl-2024.1.0-h66d3029_694.conda#a17423859d3fb912c8f2e9797603ddb6
https://conda.anaconda.org/conda-forge/win-64/pydantic-core-2.23.4-py311h533ab2d_0.conda#7e86339f91e0c427a8406d856e9aba74
https://conda.anaconda.org/conda-forge/noarch/pytest-asyncio-0.24.0-pyhd8ed1ab_0.conda#885c2b716a56ecc117fd0471dd457f73
https://conda.anaconda.org/conda-forge/noarch/pytest-cov-5.0.0-pyhd8ed1ab_0.conda#c54c0107057d67ddf077751339ec2c63
https://conda.anaconda.org/conda-forge/noarch/pytest-metadata-3.1.1-pyhd8ed1ab_0.conda#52b91ecba854d55b28ad916a8b10da24
https://conda.anaconda.org/conda-forge/noarch/pytest-xdist-3.6.1-pyhd8ed1ab_0.conda#b39568655c127a9c4a44d178ac99b6d0
https://conda.anaconda.org/conda-forge/noarch/pytoolconfig-1.2.5-pyhd8ed1ab_0.conda#2d6bdf5a69cfcd1fcc7f2b900cb4082f
https://conda.anaconda.org/conda-forge/noarch/rich-13.8.1-pyhd8ed1ab_0.conda#748f1807fa7fda73651795c5617b9557
https://conda.anaconda.org/conda-forge/noarch/robotframework-pabot-2.18.0-pyhd8ed1ab_0.conda#2fb9e9a006d427e71cace470ef979621
https://conda.anaconda.org/conda-forge/noarch/robotframework-robocop-5.4.0-pyhd8ed1ab_0.conda#4a4d60ca7c181264d7a6dd799e7fa1ac
https://conda.anaconda.org/conda-forge/win-64/sqlalchemy-2.0.35-py311he736701_0.conda#b711dd4dbc23843ed5159fc520ebea24
https://conda.anaconda.org/conda-forge/noarch/stack_data-0.6.2-pyhd8ed1ab_0.conda#e7df0fdd404616638df5ece6e69ba7af
https://conda.anaconda.org/conda-forge/noarch/starlette-0.39.2-pyhd8ed1ab_0.conda#2ab6c65ae47dd3b59392fd41a5783369
https://conda.anaconda.org/conda-forge/win-64/trio-0.26.2-py311h1ea47a8_1.conda#2c3e9986c332ccb64ca04fb105d691cd
https://conda.anaconda.org/conda-forge/win-64/uvicorn-0.31.0-py311h1ea47a8_0.conda#92dbc9c95ed107188f8afd64c6f05083
https://conda.anaconda.org/conda-forge/win-64/watchfiles-0.24.0-py311h533ab2d_1.conda#07f16628bc87b0f4dd7d91677a18a0d5
https://conda.anaconda.org/conda-forge/noarch/wsproto-1.2.0-pyhd8ed1ab_0.tar.bz2#00ba804b54f451d102f6a7615f08470d
https://conda.anaconda.org/conda-forge/win-64/zstandard-0.23.0-py311h53056dc_1.conda#7d4c123cbb5e6293dd4dd2f8d30f0de4
https://conda.anaconda.org/conda-forge/noarch/argon2-cffi-23.1.0-pyhd8ed1ab_0.conda#3afef1f55a1366b4d3b6a0d92e2235e4
https://conda.anaconda.org/conda-forge/noarch/httpx-0.27.2-pyhd8ed1ab_0.conda#7e9ac3faeebdbd7b53b462c41891e7f7
https://conda.anaconda.org/conda-forge/noarch/ipython-8.27.0-pyh7428d3b_0.conda#d7f3d6377b3988475bd1fa6493b7b115
https://conda.anaconda.org/conda-forge/noarch/isoduration-20.11.0-pyhd8ed1ab_0.tar.bz2#4cb68948e0b8429534380243d063a27a
https://conda.anaconda.org/conda-forge/noarch/jsonschema-4.23.0-pyhd8ed1ab_0.conda#da304c192ad59975202859b367d0f6a2
https://conda.anaconda.org/conda-forge/noarch/jupyterlite-core-0.4.1-pyhd8ed1ab_0.conda#675a7b0f7df887ca9dae841ee43d87df
https://conda.anaconda.org/conda-forge/noarch/keyring-25.4.1-pyh7428d3b_0.conda#1c74a03431815d5e091585bb04e86f12
https://conda.anaconda.org/conda-forge/win-64/libblas-3.9.0-24_win64_mkl.conda#ea127210707251a33116b437c22b8dad
https://conda.anaconda.org/conda-forge/noarch/pydantic-2.9.2-pyhd8ed1ab_0.conda#1eb533bb8eb2199e3fef3e4aa147319f
https://conda.anaconda.org/conda-forge/noarch/pytest-html-4.1.1-pyhd8ed1ab_0.conda#4d2040212307d18392a2687772b3a96d
https://conda.anaconda.org/conda-forge/noarch/readme_renderer-44.0-pyhd8ed1ab_0.conda#63260acf67cb6169bdf519405b96ee63
https://conda.anaconda.org/conda-forge/noarch/rich-click-1.8.2-pyhd8ed1ab_0.conda#5de0b30150098639dce24998c8c30714
https://conda.anaconda.org/conda-forge/noarch/rope-1.13.0-pyhd8ed1ab_0.conda#dffa002fbd3d86924b7992c718efa7bc
https://conda.anaconda.org/conda-forge/noarch/trio-websocket-0.11.1-pyhd8ed1ab_0.conda#020557a424faf98154938da4426fe987
https://conda.anaconda.org/conda-forge/noarch/urllib3-2.2.3-pyhd8ed1ab_0.conda#6b55867f385dd762ed99ea687af32a69
https://conda.anaconda.org/conda-forge/noarch/black-jupyter-24.8.0-hd8ed1ab_1.conda#af99bfaf437e91b56777801e0bb263c2
https://conda.anaconda.org/conda-forge/noarch/hypothesis-jsonschema-0.23.1-pyhd8ed1ab_0.conda#5f92d6b3b7c9719ba97519e61083c671
https://conda.anaconda.org/conda-forge/noarch/ipykernel-6.29.5-pyh4bbf305_0.conda#18df5fc4944a679e085e0e8f31775fc8
https://conda.anaconda.org/conda-forge/noarch/ipywidgets-8.1.5-pyhd8ed1ab_0.conda#a022d34163147d16b27de86dc53e93fc
https://conda.anaconda.org/conda-forge/noarch/jsonschema-with-format-nongpl-4.23.0-hd8ed1ab_0.conda#16b37612b3a2fd77f409329e213b530c
https://conda.anaconda.org/conda-forge/noarch/jupyterlite-pyodide-kernel-0.4.2-pyhd8ed1ab_0.conda#af3462043ef17108e6d7977223d51882
https://conda.anaconda.org/conda-forge/win-64/libcblas-3.9.0-24_win64_mkl.conda#a42c7390d3249698c0ffb6040e9396e7
https://conda.anaconda.org/conda-forge/win-64/liblapack-3.9.0-24_win64_mkl.conda#c69b7b6756a8d58cc8cf17081fffdc5c
https://conda.anaconda.org/conda-forge/noarch/nbformat-5.10.4-pyhd8ed1ab_0.conda#0b57b5368ab7fc7cdc9e3511fa867214
https://conda.anaconda.org/conda-forge/noarch/requests-2.32.3-pyhd8ed1ab_0.conda#5ede4753180c7a550a443c430dc8ab52
https://conda.anaconda.org/conda-forge/noarch/robotframework-tidy-4.14.0-pyhd8ed1ab_0.conda#aa838162cefb8c8532a28e27b40a644d
https://conda.anaconda.org/conda-forge/noarch/selenium-4.25.0-pyhd8ed1ab_0.conda#f0907288a737fc5f14e9cb9d05743df3
https://conda.anaconda.org/conda-forge/noarch/flit-3.9.0-pyhd8ed1ab_1.conda#45ed14a430d4562cf04408cf09b59cb0
https://conda.anaconda.org/conda-forge/noarch/jupyter_events-0.10.0-pyhd8ed1ab_0.conda#ed45423c41b3da15ea1df39b1f80c2ca
https://conda.anaconda.org/conda-forge/noarch/nbclient-0.10.0-pyhd8ed1ab_0.conda#15b51397e0fe8ea7d7da60d83eb76ebc
https://conda.anaconda.org/conda-forge/win-64/numpy-2.1.1-py311h35ffc71_0.conda#5ed88e0474fc1feff5e6161e153ab215
https://conda.anaconda.org/conda-forge/noarch/requests-cache-1.2.1-pyhd8ed1ab_0.conda#c6089540fed51a9a829aa19590fa925b
https://conda.anaconda.org/conda-forge/noarch/requests-toolbelt-1.0.0-pyhd8ed1ab_0.conda#99c98318c8646b08cc764f90ce98906e
https://conda.anaconda.org/conda-forge/noarch/robotframework-seleniumlibrary-6.6.1-pyhd8ed1ab_0.conda#2fd3a9b3adff7881a1f16119066bce83
https://conda.anaconda.org/conda-forge/noarch/jupyter-cache-1.0.0-pyhd8ed1ab_0.conda#b667cf7b57baa559f628d374f017fa32
https://conda.anaconda.org/conda-forge/noarch/nbconvert-core-7.16.4-pyhd8ed1ab_1.conda#e2d2abb421c13456a9a9f80272fdf543
https://conda.anaconda.org/conda-forge/win-64/pandas-2.2.3-py311hcf9f919_1.conda#5965b8926efba14e6fde98cc8713c083
https://conda.anaconda.org/conda-forge/noarch/twine-5.1.1-pyhd8ed1ab_0.conda#5463141e576b9aaa0db7ed488e298241
https://conda.anaconda.org/conda-forge/noarch/bqplot-0.12.43-pyhd8ed1ab_0.conda#b9fe4be7c3abb5c473148feb9e8b7b02
https://conda.anaconda.org/conda-forge/noarch/jupyter_server-2.14.2-pyhd8ed1ab_0.conda#ca23c71f70a7c7935b3d03f0f1a5801d
https://conda.anaconda.org/conda-forge/noarch/nbconvert-pandoc-7.16.4-hd8ed1ab_1.conda#37cec2cf68f4c09563d8bc833791096b
https://conda.anaconda.org/conda-forge/noarch/jupyter-lsp-2.2.5-pyhd8ed1ab_0.conda#885867f6adab3d7ecdf8ab6ca0785f51
https://conda.anaconda.org/conda-forge/noarch/jupyterlab_server-2.27.3-pyhd8ed1ab_0.conda#af8239bf1ba7e8c69b689f780f653488
https://conda.anaconda.org/conda-forge/noarch/nbconvert-7.16.4-hd8ed1ab_1.conda#ab83e3b9ca2b111d8f332e9dc8b2170f
https://conda.anaconda.org/conda-forge/noarch/notebook-shim-0.2.4-pyhd8ed1ab_0.conda#3d85618e2c97ab896b5b5e298d32b5b3
https://conda.anaconda.org/conda-forge/noarch/jupyterlab-4.2.5-pyhd8ed1ab_0.conda#594762eddc55b82feac6097165a88e3c
https://conda.anaconda.org/conda-forge/noarch/pytest-check-links-0.10.1-pyhd8ed1ab_0.conda#321ec241523f0e99f9d6fe42312a07ff
https://conda.anaconda.org/conda-forge/noarch/myst-parser-4.0.0-pyhd8ed1ab_0.conda#ea5aa87c2aa98c233933dcca849e0f61
https://conda.anaconda.org/conda-forge/noarch/myst-nb-1.1.2-pyhd8ed1ab_0.conda#38e1b2f0f62e9976cf9fe54a54258e3c
https://conda.anaconda.org/conda-forge/noarch/pydata-sphinx-theme-0.15.4-pyhd8ed1ab_0.conda#c7c50dd5192caa58a05e6a4248a27acb
https://conda.anaconda.org/conda-forge/noarch/sphinx-autobuild-2024.9.19-pyhd8ed1ab_0.conda#580afb4ff803f150aa6124a28d837310
https://conda.anaconda.org/conda-forge/noarch/sphinx-autodoc-typehints-2.4.4-pyhd8ed1ab_0.conda#c89a4d76f63d5c062d9237a746006ff6
https://conda.anaconda.org/conda-forge/noarch/sphinxcontrib-applehelp-2.0.0-pyhd8ed1ab_0.conda#9075bd8c033f0257122300db914e49c9
https://conda.anaconda.org/conda-forge/noarch/sphinxcontrib-devhelp-2.0.0-pyhd8ed1ab_0.conda#b3bcc38c471ebb738854f52a36059b48
https://conda.anaconda.org/conda-forge/noarch/sphinxcontrib-htmlhelp-2.1.0-pyhd8ed1ab_0.conda#e25640d692c02e8acfff0372f547e940
https://conda.anaconda.org/conda-forge/noarch/sphinxcontrib-qthelp-2.0.0-pyhd8ed1ab_0.conda#d6e5ea5fe00164ac6c2dcc5d76a42192
https://conda.anaconda.org/conda-forge/noarch/sphinx-8.0.2-pyhd8ed1ab_0.conda#625004bdab1b171dfd1e29ebb30c40dd
https://conda.anaconda.org/conda-forge/noarch/sphinxcontrib-serializinghtml-1.1.10-pyhd8ed1ab_0.conda#e507335cb4ca9cff4c3d0fa9cdab255e
